
Microsoft Visual Studio Solution File, Format Version 12.00
# Visual Studio Version 17
VisualStudioVersion = 17.4.33103.184
MinimumVisualStudioVersion = 10.0.40219.1
Project("{8BC9CEB8-8B4A-11D0-8D11-00A0C91BC942}") = "oop lab 4", "oop lab 4\oop lab 4.vcxproj", "{561E77FE-605D-4FC5-ACA0-8149F3557FF2}"
EndProject
Global
	GlobalSection(SolutionConfigurationPlatforms) = preSolution
		Debug|x64 = Debug|x64
		Debug|x86 = Debug|x86
		Release|x64 = Release|x64
		Release|x86 = Release|x86
	EndGlobalSection
	GlobalSection(ProjectConfigurationPlatforms) = postSolution
		{561E77FE-605D-4FC5-ACA0-8149F3557FF2}.Debug|x64.ActiveCfg = Debug|x64
		{561E77FE-605D-4FC5-ACA0-8149F3557FF2}.Debug|x64.Build.0 = Debug|x64
		{561E77FE-605D-4FC5-ACA0-8149F3557FF2}.Debug|x86.ActiveCfg = Debug|Win32
		{561E77FE-605D-4FC5-ACA0-8149F3557FF2}.Debug|x86.Build.0 = Debug|Win32
		{561E77FE-605D-4FC5-ACA0-8149F3557FF2}.Release|x64.ActiveCfg = Release|x64
		{561E77FE-605D-4FC5-ACA0-8149F3557FF2}.Release|x64.Build.0 = Release|x64
		{561E77FE-605D-4FC5-ACA0-8149F3557FF2}.Release|x86.ActiveCfg = Release|Win32
		{561E77FE-605D-4FC5-ACA0-8149F3557FF2}.Release|x86.Build.0 = Release|Win32
	EndGlobalSection
	GlobalSection(SolutionProperties) = preSolution
		HideSolutionNode = FALSE
	EndGlobalSection
	GlobalSection(ExtensibilityGlobals) = postSolution
		SolutionGuid = {3C2DD3D3-F7C3-420C-9313-EC9FA912BD03}
	EndGlobalSection
EndGlobal
